
Microsoft Visual Studio Solution File, Format Version 12.00
# Visual Studio Version 16
VisualStudioVersion = 16.0.31005.135
MinimumVisualStudioVersion = 10.0.40219.1
Project("{9A19103F-16F7-4668-BE54-9A1E7A4F7556}") = "UdemyNLayerProject.API", "UdemyNLayerProject.API\UdemyNLayerProject.API.csproj", "{BFAE5070-2AEB-4B64-A608-9D39CC9D2CC6}"
EndProject
Project("{9A19103F-16F7-4668-BE54-9A1E7A4F7556}") = "UdemyNLayerProject.Core", "UdemyNLayerProject.Core\UdemyNLayerProject.Core.csproj", "{B9D61581-5B2F-410E-A8F2-6B426A01D5B7}"
EndProject
Project("{9A19103F-16F7-4668-BE54-9A1E7A4F7556}") = "UdemyNLayerProject.Data", "UdemyNLayerProject.Data\UdemyNLayerProject.Data.csproj", "{BF8C108A-98C9-4888-8B40-DA0209E69A6D}"
EndProject
Project("{9A19103F-16F7-4668-BE54-9A1E7A4F7556}") = "UdemyNLayerProject.Service", "UdemyNLayerProject.Service\UdemyNLayerProject.Service.csproj", "{C6291983-CA06-46E2-AC80-C85024B0826E}"
EndProject
Global
	GlobalSection(SolutionConfigurationPlatforms) = preSolution
		Debug|Any CPU = Debug|Any CPU
		Release|Any CPU = Release|Any CPU
	EndGlobalSection
	GlobalSection(ProjectConfigurationPlatforms) = postSolution
		{BFAE5070-2AEB-4B64-A608-9D39CC9D2CC6}.Debug|Any CPU.ActiveCfg = Debug|Any CPU
		{BFAE5070-2AEB-4B64-A608-9D39CC9D2CC6}.Debug|Any CPU.Build.0 = Debug|Any CPU
		{BFAE5070-2AEB-4B64-A608-9D39CC9D2CC6}.Release|Any CPU.ActiveCfg = Release|Any CPU
		{BFAE5070-2AEB-4B64-A608-9D39CC9D2CC6}.Release|Any CPU.Build.0 = Release|Any CPU
		{B9D61581-5B2F-410E-A8F2-6B426A01D5B7}.Debug|Any CPU.ActiveCfg = Debug|Any CPU
		{B9D61581-5B2F-410E-A8F2-6B426A01D5B7}.Debug|Any CPU.Build.0 = Debug|Any CPU
		{B9D61581-5B2F-410E-A8F2-6B426A01D5B7}.Release|Any CPU.ActiveCfg = Release|Any CPU
		{B9D61581-5B2F-410E-A8F2-6B426A01D5B7}.Release|Any CPU.Build.0 = Release|Any CPU
		{BF8C108A-98C9-4888-8B40-DA0209E69A6D}.Debug|Any CPU.ActiveCfg = Debug|Any CPU
		{BF8C108A-98C9-4888-8B40-DA0209E69A6D}.Debug|Any CPU.Build.0 = Debug|Any CPU
		{BF8C108A-98C9-4888-8B40-DA0209E69A6D}.Release|Any CPU.ActiveCfg = Release|Any CPU
		{BF8C108A-98C9-4888-8B40-DA0209E69A6D}.Release|Any CPU.Build.0 = Release|Any CPU
		{C6291983-CA06-46E2-AC80-C85024B0826E}.Debug|Any CPU.ActiveCfg = Debug|Any CPU
		{C6291983-CA06-46E2-AC80-C85024B0826E}.Debug|Any CPU.Build.0 = Debug|Any CPU
		{C6291983-CA06-46E2-AC80-C85024B0826E}.Release|Any CPU.ActiveCfg = Release|Any CPU
		{C6291983-CA06-46E2-AC80-C85024B0826E}.Release|Any CPU.Build.0 = Release|Any CPU
	EndGlobalSection
	GlobalSection(SolutionProperties) = preSolution
		HideSolutionNode = FALSE
	EndGlobalSection
	GlobalSection(ExtensibilityGlobals) = postSolution
		SolutionGuid = {077C82D5-0283-40C2-ACBD-0E1ED22CAD8B}
	EndGlobalSection
EndGlobal
