
Microsoft Visual Studio Solution File, Format Version 12.00
# Visual Studio Version 16
VisualStudioVersion = 16.0.29926.136
MinimumVisualStudioVersion = 10.0.40219.1
Project("{FAE04EC0-301F-11D3-BF4B-00C04F79EFBC}") = "UdemyNLayerProject.API", "UdemyNLayerProject.API\UdemyNLayerProject.API.csproj", "{D82AC1D7-6E7D-4018-A766-997D344A17AD}"
EndProject
Project("{FAE04EC0-301F-11D3-BF4B-00C04F79EFBC}") = "UdemyNLayerProject.Data", "UdemyNLayerProject.Data\UdemyNLayerProject.Data.csproj", "{20339227-8A10-42DF-AB3D-05126B81BD3B}"
EndProject
Project("{FAE04EC0-301F-11D3-BF4B-00C04F79EFBC}") = "UdemyNLayerProject.Core", "UdemyNLayerProject.Core\UdemyNLayerProject.Core.csproj", "{D881E748-4616-496F-85DA-727A8C3E6593}"
EndProject
Project("{FAE04EC0-301F-11D3-BF4B-00C04F79EFBC}") = "UdemyNLayerProject.Service", "UdemyNLayerProject.Service\UdemyNLayerProject.Service.csproj", "{611D8997-2C59-4F64-BF3D-D8597183C88B}"
EndProject
Global
	GlobalSection(SolutionConfigurationPlatforms) = preSolution
		Debug|Any CPU = Debug|Any CPU
		Release|Any CPU = Release|Any CPU
	EndGlobalSection
	GlobalSection(ProjectConfigurationPlatforms) = postSolution
		{D82AC1D7-6E7D-4018-A766-997D344A17AD}.Debug|Any CPU.ActiveCfg = Debug|Any CPU
		{D82AC1D7-6E7D-4018-A766-997D344A17AD}.Debug|Any CPU.Build.0 = Debug|Any CPU
		{D82AC1D7-6E7D-4018-A766-997D344A17AD}.Release|Any CPU.ActiveCfg = Release|Any CPU
		{D82AC1D7-6E7D-4018-A766-997D344A17AD}.Release|Any CPU.Build.0 = Release|Any CPU
		{20339227-8A10-42DF-AB3D-05126B81BD3B}.Debug|Any CPU.ActiveCfg = Debug|Any CPU
		{20339227-8A10-42DF-AB3D-05126B81BD3B}.Debug|Any CPU.Build.0 = Debug|Any CPU
		{20339227-8A10-42DF-AB3D-05126B81BD3B}.Release|Any CPU.ActiveCfg = Release|Any CPU
		{20339227-8A10-42DF-AB3D-05126B81BD3B}.Release|Any CPU.Build.0 = Release|Any CPU
		{D881E748-4616-496F-85DA-727A8C3E6593}.Debug|Any CPU.ActiveCfg = Debug|Any CPU
		{D881E748-4616-496F-85DA-727A8C3E6593}.Debug|Any CPU.Build.0 = Debug|Any CPU
		{D881E748-4616-496F-85DA-727A8C3E6593}.Release|Any CPU.ActiveCfg = Release|Any CPU
		{D881E748-4616-496F-85DA-727A8C3E6593}.Release|Any CPU.Build.0 = Release|Any CPU
		{611D8997-2C59-4F64-BF3D-D8597183C88B}.Debug|Any CPU.ActiveCfg = Debug|Any CPU
		{611D8997-2C59-4F64-BF3D-D8597183C88B}.Debug|Any CPU.Build.0 = Debug|Any CPU
		{611D8997-2C59-4F64-BF3D-D8597183C88B}.Release|Any CPU.ActiveCfg = Release|Any CPU
		{611D8997-2C59-4F64-BF3D-D8597183C88B}.Release|Any CPU.Build.0 = Release|Any CPU
	EndGlobalSection
	GlobalSection(SolutionProperties) = preSolution
		HideSolutionNode = FALSE
	EndGlobalSection
	GlobalSection(ExtensibilityGlobals) = postSolution
		SolutionGuid = {FE26E0E1-4AFB-44C9-A5A1-187DF6F3E2F0}
	EndGlobalSection
EndGlobal
